
Microsoft Visual Studio Solution File, Format Version 12.00
# Visual Studio 15
VisualStudioVersion = 15.0.28010.2050
MinimumVisualStudioVersion = 10.0.40219.1
Project("{FAE04EC0-301F-11D3-BF4B-00C04F79EFBC}") = "AdaptiveVectorQuantization", "AdaptiveVectorQuantization\AdaptiveVectorQuantization.csproj", "{196DAE83-09C3-4005-955F-630327429D5E}"
EndProject
Global
	GlobalSection(SolutionConfigurationPlatforms) = preSolution
		Debug|Any CPU = Debug|Any CPU
		Release|Any CPU = Release|Any CPU
	EndGlobalSection
	GlobalSection(ProjectConfigurationPlatforms) = postSolution
		{196DAE83-09C3-4005-955F-630327429D5E}.Debug|Any CPU.ActiveCfg = Debug|Any CPU
		{196DAE83-09C3-4005-955F-630327429D5E}.Debug|Any CPU.Build.0 = Debug|Any CPU
		{196DAE83-09C3-4005-955F-630327429D5E}.Release|Any CPU.ActiveCfg = Release|Any CPU
		{196DAE83-09C3-4005-955F-630327429D5E}.Release|Any CPU.Build.0 = Release|Any CPU
	EndGlobalSection
	GlobalSection(SolutionProperties) = preSolution
		HideSolutionNode = FALSE
	EndGlobalSection
	GlobalSection(ExtensibilityGlobals) = postSolution
		SolutionGuid = {08709A4D-1825-4FDF-8DB5-8EA48301496F}
	EndGlobalSection
EndGlobal
